{
  "name": "bisheng-formatter-cli",
  "version": "0.2.10",
  "lockfileVersion": 3,
  "requires": true,
  "packages": {
    "": {
      "name": "bisheng-formatter-cli",
      "version": "0.2.10",
      "license": "ISC",
      "dependencies": {
        "bisheng-formatter-core": "^0.2.10"
      },
      "bin": {
        "bisheng-formatter": "index.js"
      }
    },
    "node_modules/bisheng-formatter-core": {
      "version": "0.2.10",
      "resolved": "https://registry.npmmirror.com/bisheng-formatter-core/-/bisheng-formatter-core-0.2.10.tgz",
      "integrity": "sha512-cyky+3A/sE7n3oxzfJxYQ5TmKcZkBicib5QhRia6a6Cwv49588s7WUEIJ444ZSJzU7UM2KcZJM+08KlnwAm6cQ=="
    }
  }
}
